hash: 03da614edd0e613f267c567f8d98e09f77b57b92dd7e46aa798a69e53498a2e3
updated: 2017-09-18T17:42:22.898420817-07:00
imports:
- name: bazil.org/fuse
  version: 371fbbdaa8987b715bdd21d6adc4c9b20155f748
- name: code.google.com/p/rsc
  version: e1cb635eaa1bed9efc1ec21c8537c46161abfcb8
  repo: https://github.com/rsc/rsc.git
  vcs: git
  subpackages:
  - gf256
  - qr
  - qr/coding
- name: github.com/agl/ed25519
  version: 278e1ec8e8a6e017cd07577924d6766039146ced
  subpackages:
  - edwards25519
- name: github.com/andybalholm/cascadia
  version: 65919c611220063037b1db8eb334acaf17a6d8ea
- name: github.com/blang/semver
  version: 60ec3488bfea7cca02b021d106d9911120d25fe9
- name: github.com/cenkalti/backoff
  version: b02f2bbce11d7ea6b97f282ef1771b0fe2f65ef3
- name: github.com/dustin/go-humanize
  version: bd88f87ad3a420f7bcf05e90566fd1ceb351fa7f
- name: github.com/golang/groupcache
  version: a6b377e3400b08991b80d6805d627f347f983866
  subpackages:
  - singleflight
- name: github.com/golang/snappy
  version: d9eb7a3d35ec988b8585d4a0068e462c27d28380
- name: github.com/hashicorp/golang-lru
  version: 0a025b7e63adc15a622f29b0b2c4c3848243bbf6
  subpackages:
  - simplelru
- name: github.com/jonboulle/clockwork
  version: bcac9884e7502bb2b474c0339d889cb981a2f27f
- name: github.com/kardianos/osext
  version: c2c54e542fb797ad986b31721e1baedf214ca413
- name: github.com/keybase/cli
  version: a13fd3546410f473e9e479b9db1413bb679fdce9
- name: github.com/keybase/client
  version: 164f4a483d1607f8ac9f305cdf185645d1f739ab
  subpackages:
  - go/auth
  - go/chat
  - go/chat/pager
  - go/chat/s3
  - go/chat/signencrypt
  - go/chat/storage
  - go/chat/utils
  - go/client
  - go/engine
  - go/externals
  - go/flexibletable
  - go/gregor
  - go/gregor/client
  - go/gregor/storage
  - go/install
  - go/kex2
  - go/launchd
  - go/libcmdline
  - go/libkb
  - go/logger
  - go/lsof
  - go/minterm
  - go/mounter
  - go/pinentry
  - go/protocol
  - go/protocol/chat1
  - go/protocol/gregor1
  - go/protocol/keybase1
  - go/pvl
  - go/qrcode
  - go/service
  - go/spotty
- name: github.com/keybase/go-codec
  version: cc2681ec6f901149e58af9d40a90da1aa370aadb
  subpackages:
  - codec
- name: github.com/keybase/go-crypto
  version: 3a7c7436ed7694957a3ced08902b0b93802c88da
  subpackages:
  - brainpool
  - cast5
  - openpgp
  - openpgp/armor
  - openpgp/clearsign
  - openpgp/elgamal
  - openpgp/errors
  - openpgp/packet
  - openpgp/s2k
  - rsa
  - ssh/terminal
- name: github.com/keybase/go-framed-msgpack-rpc
  version: f08dee4c9e838e5a6c499ad4ed2e9a4ab6433361
  subpackages:
  - rpc
- name: github.com/keybase/go-jsonw
  version: b3050ccb78db8e2bd81378cd9b06554c5631bfbf
- name: github.com/keybase/go-kext
  version: 812245fc176f35fbb18f9344ad0a9f363bd95435
- name: github.com/keybase/go-keychain
  version: fc621735da119d43461364cb0a35937cb95d4dd9
- name: github.com/keybase/go-logging
  version: f3c7c3c1605e29ebcce430bb1e0d048faf4081ce
- name: github.com/keybase/go-ps
  version: 668c8856d9992f97248b3177d45743d2cc1068db
  subpackages:
  - darwincgo
- name: github.com/keybase/go-triplesec
  version: b360b8252869a5ac88df3ed7897bc3b6d1e55dd2
  subpackages:
  - sha3
- name: github.com/keybase/go-updater
  version: 371666410d019f71d8b8b886717010feb6ffa2bb
  subpackages:
  - process
  - watchdog
- name: github.com/keybase/npipe
  version: 1f399aeffbab7364397986a1b531b6f02b15cd3e
- name: github.com/keybase/saltpack
  version: 3db6dd125efa5c88d7d6fd67a5c4a39caefdcabc
  subpackages:
  - encoding/basex
- name: github.com/kr/text
  version: 7cafcd837844e784b526369c9bce262804aebc60
- name: github.com/mattn/go-isatty
  version: 66b8e73f3f5cda9f96b69efd03dd3d7fc4a5cdb8
- name: github.com/PuerkitoBio/goquery
  version: 152b1a2c8f5d0340f658bb656032a39b94e52958
- name: github.com/rogpeppe/rog-go
  version: f57ad5e24ab7813942c045f86eda1066eb969e98
  subpackages:
  - reverse
- name: github.com/satori/go.uuid
  version: b061729afc07e77a8aa4fad0a2fd840958f1942a
- name: github.com/syndtr/goleveldb
  version: 6b4daa5362b502898ddf367c5c11deb9e7a5c727
  subpackages:
  - leveldb
  - leveldb/cache
  - leveldb/comparer
  - leveldb/errors
  - leveldb/filter
  - leveldb/iterator
  - leveldb/journal
  - leveldb/memdb
  - leveldb/opt
  - leveldb/storage
  - leveldb/table
  - leveldb/util
- name: github.com/urfave/cli
  version: 2526b57c56f30b50466c96c4133b1a4ad0f0191f
- name: golang.org/x/crypto
  version: 9477e0b78b9ac3d0b03822fd95422e2fe07627cd
  subpackages:
  - curve25519
  - nacl/box
  - nacl/secretbox
  - pbkdf2
  - poly1305
  - ripemd160
  - salsa20
  - salsa20/salsa
  - scrypt
  - ssh/terminal
  - twofish
- name: golang.org/x/net
  version: 4971afdc2f162e82d185353533d3cf16188a9f4e
  subpackages:
  - context
  - html
  - html/atom
- name: golang.org/x/sync
  version: 1ae7c7b29e06598039be46c5083819ba6fd7a97e
  subpackages:
  - errgroup
- name: golang.org/x/sys
  version: b699b7032584f0953262cb2788a0ca19bb494703
  subpackages:
  - unix
  - windows
  - windows/registry
- name: golang.org/x/text
  version: a263ba8db058568bb9beba166777d9c9dbe75d68
  subpackages:
  - encoding
  - encoding/internal
  - encoding/internal/identifier
  - encoding/unicode
  - internal/utf8internal
  - runes
  - transform
- name: gopkg.in/yaml.v2
  version: a3f3340b5840cee44f372bddb5880fcbc419b46a
- name: h12.me/socks
  version: fa8c79229fbda5e9996dd91341b9fc023aa5d33a
- name: stathat.com/c/ramcache
  version: d229745ea466bc903d6cdf310aa57bfffb45653b
  repo: https://github.com/stathat/ramcache.git
  vcs: git
testImports: []
