hash: c52c84284262ecb6997c46751f971a4570d9b5ece3ab4016729606c9c4fa5598
updated: 2018-01-19T16:41:19.74785-08:00
imports:
- name: bazil.org/fuse
  version: 371fbbdaa8987b715bdd21d6adc4c9b20155f748
- name: camlistore.org
  version: c55c8602d3cea4511081630e17bca7ed601abc44
  repo: https://github.com/perkeep/perkeep.git
  subpackages:
  - pkg/buildinfo
  - pkg/images
  - pkg/images/fastjpeg
  - pkg/images/resize
- name: code.google.com/p/rsc
  version: e1cb635eaa1bed9efc1ec21c8537c46161abfcb8
  repo: https://github.com/rsc/rsc.git
  vcs: git
  subpackages:
  - gf256
  - qr
  - qr/coding
- name: github.com/andybalholm/cascadia
  version: 65919c611220063037b1db8eb334acaf17a6d8ea
- name: github.com/blang/semver
  version: 60ec3488bfea7cca02b021d106d9911120d25fe9
- name: github.com/coreos/go-systemd
  version: cc4f39464dc797b91c8025330de585294c2a6950
  subpackages:
  - activation
  - daemon
  - util
- name: github.com/coreos/pkg
  version: 97fdf19511ea361ae1c100dd393cc47f8dcfa1e1
  subpackages:
  - dlopen
- name: github.com/davecgh/go-spew
  version: ecdeabc65495df2dec95d7c4a4c3e021903035e5
  subpackages:
  - spew
- name: github.com/dustin/go-humanize
  version: bd88f87ad3a420f7bcf05e90566fd1ceb351fa7f
- name: github.com/golang/snappy
  version: d9eb7a3d35ec988b8585d4a0068e462c27d28380
- name: github.com/hashicorp/golang-lru
  version: 0a025b7e63adc15a622f29b0b2c4c3848243bbf6
  subpackages:
  - simplelru
- name: github.com/kardianos/osext
  version: c2c54e542fb797ad986b31721e1baedf214ca413
- name: github.com/keybase/backoff
  version: 726b63b835ec48ae1fac42bcba4e8c7b742fa97d
- name: github.com/keybase/cli
  version: a13fd3546410f473e9e479b9db1413bb679fdce9
- name: github.com/keybase/client
  version: f542cada4f4c47f10ed155afc9266bab537f7be1
  subpackages:
  - go/auth
  - go/badges
  - go/chat
  - go/chat/globals
  - go/chat/msgchecker
  - go/chat/pager
  - go/chat/s3
  - go/chat/signencrypt
  - go/chat/storage
  - go/chat/types
  - go/chat/utils
  - go/client
  - go/encrypteddb
  - go/engine
  - go/externals
  - go/flexibletable
  - go/git
  - go/gregor
  - go/gregor/client
  - go/gregor/storage
  - go/home
  - go/install
  - go/install/libnativeinstaller
  - go/kbfs
  - go/kbnm/hostmanifest
  - go/kbnm/installer
  - go/kex2
  - go/launchd
  - go/libcmdline
  - go/libkb
  - go/logger
  - go/lru
  - go/lsof
  - go/minterm
  - go/mounter
  - go/pinentry
  - go/protocol
  - go/protocol/chat1
  - go/protocol/gregor1
  - go/protocol/keybase1
  - go/pvl
  - go/pvlsource
  - go/qrcode
  - go/service
  - go/spotty
  - go/systemd
  - go/teams
  - go/uidmap
- name: github.com/keybase/clockwork
  version: 976f45f4a979cd2fd048a639630ba20d8378c9d8
- name: github.com/keybase/go-codec
  version: cc2681ec6f901149e58af9d40a90da1aa370aadb
  subpackages:
  - codec
- name: github.com/keybase/go-crypto
  version: 2d22b6e67049389f2b93ab4bcb4e2694f844db62
  repo: https://github.com/keybase/go-crypto.git
  subpackages:
  - brainpool
  - cast5
  - curve25519
  - ed25519
  - ed25519/internal/edwards25519
  - openpgp
  - openpgp/armor
  - openpgp/clearsign
  - openpgp/ecdh
  - openpgp/elgamal
  - openpgp/errors
  - openpgp/packet
  - openpgp/s2k
  - rsa
  - ssh/terminal
- name: github.com/keybase/go-framed-msgpack-rpc
  version: c416da7cf9cfb85545098e346be6583a1649b0d5
  subpackages:
  - rpc
  - rpc/resinit
- name: github.com/keybase/go-jsonw
  version: b3050ccb78db8e2bd81378cd9b06554c5631bfbf
- name: github.com/keybase/go-kext
  version: 812245fc176f35fbb18f9344ad0a9f363bd95435
- name: github.com/keybase/go-keychain
  version: fc621735da119d43461364cb0a35937cb95d4dd9
- name: github.com/keybase/go-logging
  version: f3c7c3c1605e29ebcce430bb1e0d048faf4081ce
- name: github.com/keybase/go-ps
  version: 668c8856d9992f97248b3177d45743d2cc1068db
  subpackages:
  - darwincgo
- name: github.com/keybase/go-triplesec
  version: b360b8252869a5ac88df3ed7897bc3b6d1e55dd2
  subpackages:
  - sha3
- name: github.com/keybase/go-updater
  version: 371666410d019f71d8b8b886717010feb6ffa2bb
  subpackages:
  - process
  - watchdog
- name: github.com/keybase/npipe
  version: 1f399aeffbab7364397986a1b531b6f02b15cd3e
- name: github.com/keybase/saltpack
  version: a64888f73967e479064b4a80cc65ae4c3829ab07
  repo: https://github.com/keybase/saltpack.git
  subpackages:
  - encoding/basex
- name: github.com/kr/text
  version: 7cafcd837844e784b526369c9bce262804aebc60
- name: github.com/mattn/go-isatty
  version: 66b8e73f3f5cda9f96b69efd03dd3d7fc4a5cdb8
- name: github.com/miekg/dns
  version: c862b7e359850847d4945cce311db2ea90cab7c0
  repo: https://github.com/miekg/dns.git
- name: github.com/nf/cr2
  version: 05d46fef4f2f903240751e25871cd318d001deba
- name: github.com/nfnt/resize
  version: 891127d8d1b52734debe1b3c3d7e747502b6c366
- name: github.com/pkg/errors
  version: e881fd58d78e04cf6d0de1217f8707c8cc2249bc
- name: github.com/PuerkitoBio/goquery
  version: 152b1a2c8f5d0340f658bb656032a39b94e52958
- name: github.com/rwcarlsen/goexif
  version: 17202558c8d9c3fd047859f1a5e73fd9ae709187
  subpackages:
  - exif
  - tiff
- name: github.com/satori/go.uuid
  version: b061729afc07e77a8aa4fad0a2fd840958f1942a
- name: github.com/syndtr/goleveldb
  version: 6b4daa5362b502898ddf367c5c11deb9e7a5c727
  subpackages:
  - leveldb
  - leveldb/cache
  - leveldb/comparer
  - leveldb/errors
  - leveldb/filter
  - leveldb/iterator
  - leveldb/journal
  - leveldb/memdb
  - leveldb/opt
  - leveldb/storage
  - leveldb/table
  - leveldb/util
- name: github.com/urfave/cli
  version: 2526b57c56f30b50466c96c4133b1a4ad0f0191f
- name: go4.org
  version: fba789b7e39ba524b9e60c45c37a50fae63a2a09
  subpackages:
  - readerutil
- name: golang.org/x/crypto
  version: 9477e0b78b9ac3d0b03822fd95422e2fe07627cd
  subpackages:
  - curve25519
  - ed25519
  - ed25519/internal/edwards25519
  - nacl/box
  - nacl/secretbox
  - pbkdf2
  - poly1305
  - ripemd160
  - salsa20
  - salsa20/salsa
  - scrypt
  - ssh/terminal
  - twofish
- name: golang.org/x/image
  version: 12117c17ca67ffa1ce22e9409f3b0b0a93ac08c7
  subpackages:
  - draw
  - math/f64
  - tiff
  - tiff/lzw
- name: golang.org/x/net
  version: 4971afdc2f162e82d185353533d3cf16188a9f4e
  subpackages:
  - context
  - context/ctxhttp
  - html
  - html/atom
- name: golang.org/x/sync
  version: 1ae7c7b29e06598039be46c5083819ba6fd7a97e
  subpackages:
  - errgroup
- name: golang.org/x/sys
  version: b699b7032584f0953262cb2788a0ca19bb494703
  subpackages:
  - unix
  - windows
  - windows/registry
- name: golang.org/x/text
  version: a263ba8db058568bb9beba166777d9c9dbe75d68
  subpackages:
  - encoding
  - encoding/internal
  - encoding/internal/identifier
  - encoding/unicode
  - internal/utf8internal
  - runes
  - transform
- name: gopkg.in/yaml.v2
  version: a3f3340b5840cee44f372bddb5880fcbc419b46a
- name: h12.me/socks
  version: fa8c79229fbda5e9996dd91341b9fc023aa5d33a
- name: stathat.com/c/ramcache
  version: d229745ea466bc903d6cdf310aa57bfffb45653b
testImports: []
