# This file is autogenerated, do not edit; changes may be undone by the next 'dep ensure'.


[[projects]]
  branch = "master"
  name = "bazil.org/fuse"
  packages = ["."]
  revision = "371fbbdaa8987b715bdd21d6adc4c9b20155f748"

[[projects]]
  branch = "master"
  name = "camlistore.org"
  packages = [
    "pkg/buildinfo",
    "pkg/images",
    "pkg/images/fastjpeg",
    "pkg/images/resize"
  ]
  revision = "a5a65f0d8b2281c4cc8c259ba882dd0ec851427f"

[[projects]]
  name = "github.com/PuerkitoBio/goquery"
  packages = ["."]
  revision = "a41cf096e64e3752d7683898d5746bc0b98ee213"
  version = "v1.2.0"

[[projects]]
  branch = "master"
  name = "github.com/andybalholm/cascadia"
  packages = ["."]
  revision = "349dd0209470eabd9514242c688c403c0926d266"

[[projects]]
  name = "github.com/blang/semver"
  packages = ["."]
  revision = "2ee87856327ba09384cabd113bc6b5d174e9ec0f"
  version = "v3.5.1"

[[projects]]
  name = "github.com/coreos/go-systemd"
  packages = [
    "activation",
    "daemon",
    "util"
  ]
  revision = "d2196463941895ee908e13531a23a39feb9e1243"
  version = "v15"

[[projects]]
  name = "github.com/coreos/pkg"
  packages = ["dlopen"]
  revision = "3ac0863d7acf3bc44daf49afef8919af12f704ef"
  version = "v3"

[[projects]]
  name = "github.com/davecgh/go-spew"
  packages = ["spew"]
  revision = "346938d642f2ec3594ed81d874461961cd0faa76"
  version = "v1.1.0"

[[projects]]
  branch = "master"
  name = "github.com/dustin/go-humanize"
  packages = ["."]
  revision = "bb3d318650d48840a39aa21a027c6630e198e626"

[[projects]]
  branch = "master"
  name = "github.com/golang/snappy"
  packages = ["."]
  revision = "553a641470496b2327abcac10b36396bd98e45c9"

[[projects]]
  branch = "master"
  name = "github.com/hashicorp/golang-lru"
  packages = [
    ".",
    "simplelru"
  ]
  revision = "0a025b7e63adc15a622f29b0b2c4c3848243bbf6"

[[projects]]
  branch = "master"
  name = "github.com/kardianos/osext"
  packages = ["."]
  revision = "ae77be60afb1dcacde03767a8c37337fad28ac14"

[[projects]]
  name = "github.com/keybase/backoff"
  packages = ["."]
  revision = "32cd0c5b3aef12c76ed64aaf678f6c79736be7dc"
  version = "v1.0.0"

[[projects]]
  name = "github.com/keybase/cli"
  packages = ["."]
  revision = "565493f259bf868adb54d45d5f4c68d405117adf"
  version = "v1.2.0"

[[projects]]
  name = "github.com/keybase/client"
  packages = [
    "go/auth",
    "go/badges",
    "go/chat",
    "go/chat/globals",
    "go/chat/msgchecker",
    "go/chat/pager",
    "go/chat/s3",
    "go/chat/signencrypt",
    "go/chat/storage",
    "go/chat/types",
    "go/chat/utils",
    "go/client",
    "go/encrypteddb",
    "go/engine",
    "go/externals",
    "go/flexibletable",
    "go/git",
    "go/gregor",
    "go/gregor/client",
    "go/gregor/storage",
    "go/home",
    "go/install",
    "go/install/libnativeinstaller",
    "go/kbfs",
    "go/kbnm/hostmanifest",
    "go/kbnm/installer",
    "go/kex2",
    "go/launchd",
    "go/libcmdline",
    "go/libkb",
    "go/logger",
    "go/lru",
    "go/lsof",
    "go/minterm",
    "go/mounter",
    "go/pinentry",
    "go/protocol/chat1",
    "go/protocol/gregor1",
    "go/protocol/keybase1",
    "go/pvl",
    "go/pvlsource",
    "go/qrcode",
    "go/service",
    "go/spotty",
    "go/systemd",
    "go/teams",
    "go/uidmap"
  ]
  revision = "2efa3bf72988d6a3c73c2416a650135b8ff70237"
  version = "v1.0.40"

[[projects]]
  name = "github.com/keybase/clockwork"
  packages = ["."]
  revision = "2eee05ed794112d45db504eb05aa693efd2b8b09"
  version = "v0.1.0"

[[projects]]
  branch = "master"
  name = "github.com/keybase/go-codec"
  packages = ["codec"]
  revision = "8a39c1d1f00af239dd650a292922fa4f46a39fa2"

[[projects]]
  branch = "master"
  name = "github.com/keybase/go-crypto"
  packages = [
    "brainpool",
    "cast5",
    "curve25519",
    "ed25519",
    "ed25519/internal/edwards25519",
    "openpgp",
    "openpgp/armor",
    "openpgp/clearsign",
    "openpgp/ecdh",
    "openpgp/elgamal",
    "openpgp/errors",
    "openpgp/packet",
    "openpgp/s2k",
    "rsa",
    "ssh/terminal"
  ]
  revision = "2d22b6e67049389f2b93ab4bcb4e2694f844db62"

[[projects]]
  branch = "master"
  name = "github.com/keybase/go-framed-msgpack-rpc"
  packages = [
    "rpc",
    "rpc/resinit"
  ]
  revision = "c416da7cf9cfb85545098e346be6583a1649b0d5"

[[projects]]
  branch = "master"
  name = "github.com/keybase/go-jsonw"
  packages = ["."]
  revision = "00453078e41acf361fe389d04cb94ffc65a70173"

[[projects]]
  branch = "master"
  name = "github.com/keybase/go-kext"
  packages = ["."]
  revision = "f3842ed706e2e4ef41039a14fc4a62dc0325e76a"

[[projects]]
  branch = "master"
  name = "github.com/keybase/go-keychain"
  packages = ["."]
  revision = "e39a0e22a1cbdbbcdc24b8556df51019c30df068"

[[projects]]
  branch = "master"
  name = "github.com/keybase/go-logging"
  packages = ["."]
  revision = "f3c7c3c1605e29ebcce430bb1e0d048faf4081ce"

[[projects]]
  branch = "master"
  name = "github.com/keybase/go-ps"
  packages = [
    ".",
    "darwincgo"
  ]
  revision = "668c8856d9992f97248b3177d45743d2cc1068db"

[[projects]]
  branch = "master"
  name = "github.com/keybase/go-triplesec"
  packages = [
    ".",
    "sha3"
  ]
  revision = "b360b8252869a5ac88df3ed7897bc3b6d1e55dd2"

[[projects]]
  branch = "master"
  name = "github.com/keybase/go-updater"
  packages = [
    "process",
    "watchdog"
  ]
  revision = "d729838e858771c6499f77c8ff531a86adedf3eb"

[[projects]]
  branch = "v2"
  name = "github.com/keybase/npipe"
  packages = ["."]
  revision = "fcc44a83dcb12dae0f3f325c449bef3e1f38892b"

[[projects]]
  branch = "master"
  name = "github.com/keybase/saltpack"
  packages = [
    ".",
    "encoding/basex"
  ]
  revision = "4768fdff5cb603632d908290137762248c2e2315"

[[projects]]
  branch = "master"
  name = "github.com/kr/text"
  packages = ["."]
  revision = "7cafcd837844e784b526369c9bce262804aebc60"

[[projects]]
  name = "github.com/mattn/go-isatty"
  packages = ["."]
  revision = "0360b2af4f38e8d38c7fce2a9f4e702702d73a39"
  version = "v0.0.3"

[[projects]]
  name = "github.com/miekg/dns"
  packages = ["."]
  revision = "5364553f1ee9cddc7ac8b62dce148309c386695b"
  version = "v1.0.4"

[[projects]]
  branch = "master"
  name = "github.com/nf/cr2"
  packages = ["."]
  revision = "05d46fef4f2f903240751e25871cd318d001deba"

[[projects]]
  branch = "master"
  name = "github.com/nfnt/resize"
  packages = ["."]
  revision = "891127d8d1b52734debe1b3c3d7e747502b6c366"

[[projects]]
  name = "github.com/pkg/errors"
  packages = ["."]
  revision = "645ef00459ed84a119197bfb8d8205042c6df63d"
  version = "v0.8.0"

[[projects]]
  branch = "go1"
  name = "github.com/rwcarlsen/goexif"
  packages = [
    "exif",
    "tiff"
  ]
  revision = "17202558c8d9c3fd047859f1a5e73fd9ae709187"

[[projects]]
  branch = "master"
  name = "github.com/syndtr/goleveldb"
  packages = [
    "leveldb",
    "leveldb/cache",
    "leveldb/comparer",
    "leveldb/errors",
    "leveldb/filter",
    "leveldb/iterator",
    "leveldb/journal",
    "leveldb/memdb",
    "leveldb/opt",
    "leveldb/storage",
    "leveldb/table",
    "leveldb/util"
  ]
  revision = "34011bf325bce385408353a30b101fe5e923eb6e"

[[projects]]
  name = "github.com/urfave/cli"
  packages = ["."]
  revision = "cfb38830724cc34fedffe9a2a29fb54fa9169cd1"
  version = "v1.20.0"

[[projects]]
  branch = "master"
  name = "go4.org"
  packages = ["readerutil"]
  revision = "fba789b7e39ba524b9e60c45c37a50fae63a2a09"

[[projects]]
  branch = "master"
  name = "golang.org/x/crypto"
  packages = [
    "curve25519",
    "ed25519",
    "ed25519/internal/edwards25519",
    "nacl/box",
    "nacl/secretbox",
    "pbkdf2",
    "poly1305",
    "ripemd160",
    "salsa20",
    "salsa20/salsa",
    "scrypt",
    "twofish"
  ]
  revision = "0efb9460aaf800c6376acf625be2853bceac2e06"

[[projects]]
  branch = "master"
  name = "golang.org/x/image"
  packages = [
    "draw",
    "math/f64",
    "tiff",
    "tiff/lzw"
  ]
  revision = "12117c17ca67ffa1ce22e9409f3b0b0a93ac08c7"

[[projects]]
  branch = "master"
  name = "golang.org/x/net"
  packages = [
    "bpf",
    "context",
    "context/ctxhttp",
    "html",
    "html/atom",
    "internal/iana",
    "internal/socket",
    "ipv4",
    "ipv6"
  ]
  revision = "0ed95abb35c445290478a5348a7b38bb154135fd"

[[projects]]
  branch = "master"
  name = "golang.org/x/sync"
  packages = ["errgroup"]
  revision = "fd80eb99c8f653c847d294a001bdf2a3a6f768f5"

[[projects]]
  branch = "master"
  name = "golang.org/x/sys"
  packages = [
    "unix",
    "windows",
    "windows/registry"
  ]
  revision = "ff2a66f350cefa5c93a634eadb5d25bb60c85a9c"

[[projects]]
  branch = "master"
  name = "golang.org/x/text"
  packages = [
    "encoding",
    "encoding/internal",
    "encoding/internal/identifier",
    "encoding/unicode",
    "internal/gen",
    "internal/utf8internal",
    "runes",
    "transform",
    "unicode/cldr"
  ]
  revision = "e19ae1496984b1c655b8044a65c0300a3c878dd3"

[[projects]]
  branch = "v2"
  name = "gopkg.in/yaml.v2"
  packages = ["."]
  revision = "d670f9405373e636a5a2765eea47fac0c9bc91a4"

[[projects]]
  branch = "master"
  name = "h12.me/socks"
  packages = ["."]
  revision = "fa8c79229fbda5e9996dd91341b9fc023aa5d33a"

[[projects]]
  branch = "master"
  name = "stathat.com/c/ramcache"
  packages = ["."]
  revision = "d229745ea466bc903d6cdf310aa57bfffb45653b"

[solve-meta]
  analyzer-name = "dep"
  analyzer-version = 1
  inputs-digest = "eaf6c47b8f43e212b74978a0f466b2874b4ceb14942d29611de82c1b12b98ddb"
  solver-name = "gps-cdcl"
  solver-version = 1
